
Microsoft Visual Studio Solution File, Format Version 12.00
# Visual Studio 15
VisualStudioVersion = 15.0.28307.438
MinimumVisualStudioVersion = 10.0.40219.1
Project("{9A19103F-16F7-4668-BE54-9A1E7A4F7556}") = "Fishit.Dal", "Fishit.Dal\Fishit.Dal.csproj", "{ABAB9DE7-5206-4BB1-8368-8114B8DF42E9}"
EndProject
Project("{9A19103F-16F7-4668-BE54-9A1E7A4F7556}") = "Fishit.Common", "Fishit.Common\Fishit.Common.csproj", "{887C3CB7-0D16-4562-9406-855B10F6F3AB}"
EndProject
Project("{9A19103F-16F7-4668-BE54-9A1E7A4F7556}") = "Fishit.BusinessLayer", "Fishit.BusinessLayer\Fishit.BusinessLayer.csproj", "{FD62AA6B-B9C0-469D-8350-76A3AA46E61A}"
EndProject
Project("{9A19103F-16F7-4668-BE54-9A1E7A4F7556}") = "Fishit.BusinessLayer.Testing", "Fishit.BusinessLayer.Testing\Fishit.BusinessLayer.Testing.csproj", "{469416F6-58D9-4962-977A-627135C220D5}"
EndProject
Project("{9A19103F-16F7-4668-BE54-9A1E7A4F7556}") = "Fishit.Presentation.Testing", "Fishit.Presentation.Testing\Fishit.Presentation.Testing.csproj", "{E34878C3-5EDB-41E5-BC57-C793341B837D}"
EndProject
Project("{2150E333-8FDC-42A3-9474-1A3956D46DE8}") = "Testing", "Testing", "{A570CB8C-42E6-444C-9BD6-8D96743C2314}"
EndProject
Project("{FAE04EC0-301F-11D3-BF4B-00C04F79EFBC}") = "Fishit.Presentation.UI.Android", "Fishit.Presentation.UI\Fishit.Presentation.UI.Android\Fishit.Presentation.UI.Android.csproj", "{D1D1C845-EE96-4CC3-94E6-E574B7C8BEDE}"
EndProject
Project("{9A19103F-16F7-4668-BE54-9A1E7A4F7556}") = "Fishit.Presentation.UI", "Fishit.Presentation.UI\Fishit.Presentation.UI\Fishit.Presentation.UI.csproj", "{46B6C043-489A-48C9-A546-3B77D9B7B5F5}"
EndProject
Project("{9A19103F-16F7-4668-BE54-9A1E7A4F7556}") = "Fishit.Common.Testing", "Fishit.Common.Testing\Fishit.Common.Testing.csproj", "{7058737E-85B1-42FC-917D-D7EAD10A3AF3}"
EndProject
Project("{2150E333-8FDC-42A3-9474-1A3956D46DE8}") = "Solution Items", "Solution Items", "{667C3A04-FA65-4377-824A-669C7016DFBF}"
	ProjectSection(SolutionItems) = preProject
		.gitignore = .gitignore
		exec-tests.bat = exec-tests.bat
	EndProjectSection
EndProject
Project("{9A19103F-16F7-4668-BE54-9A1E7A4F7556}") = "Fishit.Logging", "Fishit.Logging\Fishit.Logging.csproj", "{F86A7085-6BB9-47E5-B38E-81FD0A5B0433}"
EndProject
Project("{FAE04EC0-301F-11D3-BF4B-00C04F79EFBC}") = "FishIt.Presentation.UI.iOS", "Fishit.Presentation.UI\FishIt.Presentation.UI.iOS\FishIt.Presentation.UI.iOS.csproj", "{13C69C2B-6D2B-4BAF-99F9-6E5C2134118D}"
EndProject
Project("{FAE04EC0-301F-11D3-BF4B-00C04F79EFBC}") = "Fishit.Presentation.UI.Testing", "Fishit.Presentation.UI.Testing\Fishit.Presentation.UI.Testing.csproj", "{B19C892E-2628-4CA7-AD27-08D406A3B14B}"
EndProject
Global
	GlobalSection(SolutionConfigurationPlatforms) = preSolution
		Debug|Any CPU = Debug|Any CPU
		Debug|iPhone = Debug|iPhone
		Debug|iPhoneSimulator = Debug|iPhoneSimulator
		Release|Any CPU = Release|Any CPU
		Release|iPhone = Release|iPhone
		Release|iPhoneSimulator = Release|iPhoneSimulator
	EndGlobalSection
	GlobalSection(ProjectConfigurationPlatforms) = postSolution
		{ABAB9DE7-5206-4BB1-8368-8114B8DF42E9}.Debug|Any CPU.ActiveCfg = Debug|Any CPU
		{ABAB9DE7-5206-4BB1-8368-8114B8DF42E9}.Debug|Any CPU.Build.0 = Debug|Any CPU
		{ABAB9DE7-5206-4BB1-8368-8114B8DF42E9}.Debug|iPhone.ActiveCfg = Debug|Any CPU
		{ABAB9DE7-5206-4BB1-8368-8114B8DF42E9}.Debug|iPhone.Build.0 = Debug|Any CPU
		{ABAB9DE7-5206-4BB1-8368-8114B8DF42E9}.Debug|iPhoneSimulator.ActiveCfg = Debug|Any CPU
		{ABAB9DE7-5206-4BB1-8368-8114B8DF42E9}.Debug|iPhoneSimulator.Build.0 = Debug|Any CPU
		{ABAB9DE7-5206-4BB1-8368-8114B8DF42E9}.Release|Any CPU.ActiveCfg = Release|Any CPU
		{ABAB9DE7-5206-4BB1-8368-8114B8DF42E9}.Release|Any CPU.Build.0 = Release|Any CPU
		{ABAB9DE7-5206-4BB1-8368-8114B8DF42E9}.Release|iPhone.ActiveCfg = Release|Any CPU
		{ABAB9DE7-5206-4BB1-8368-8114B8DF42E9}.Release|iPhone.Build.0 = Release|Any CPU
		{ABAB9DE7-5206-4BB1-8368-8114B8DF42E9}.Release|iPhoneSimulator.ActiveCfg = Release|Any CPU
		{ABAB9DE7-5206-4BB1-8368-8114B8DF42E9}.Release|iPhoneSimulator.Build.0 = Release|Any CPU
		{887C3CB7-0D16-4562-9406-855B10F6F3AB}.Debug|Any CPU.ActiveCfg = Debug|Any CPU
		{887C3CB7-0D16-4562-9406-855B10F6F3AB}.Debug|Any CPU.Build.0 = Debug|Any CPU
		{887C3CB7-0D16-4562-9406-855B10F6F3AB}.Debug|iPhone.ActiveCfg = Debug|Any CPU
		{887C3CB7-0D16-4562-9406-855B10F6F3AB}.Debug|iPhone.Build.0 = Debug|Any CPU
		{887C3CB7-0D16-4562-9406-855B10F6F3AB}.Debug|iPhoneSimulator.ActiveCfg = Debug|Any CPU
		{887C3CB7-0D16-4562-9406-855B10F6F3AB}.Debug|iPhoneSimulator.Build.0 = Debug|Any CPU
		{887C3CB7-0D16-4562-9406-855B10F6F3AB}.Release|Any CPU.ActiveCfg = Release|Any CPU
		{887C3CB7-0D16-4562-9406-855B10F6F3AB}.Release|Any CPU.Build.0 = Release|Any CPU
		{887C3CB7-0D16-4562-9406-855B10F6F3AB}.Release|iPhone.ActiveCfg = Release|Any CPU
		{887C3CB7-0D16-4562-9406-855B10F6F3AB}.Release|iPhone.Build.0 = Release|Any CPU
		{887C3CB7-0D16-4562-9406-855B10F6F3AB}.Release|iPhoneSimulator.ActiveCfg = Release|Any CPU
		{887C3CB7-0D16-4562-9406-855B10F6F3AB}.Release|iPhoneSimulator.Build.0 = Release|Any CPU
		{FD62AA6B-B9C0-469D-8350-76A3AA46E61A}.Debug|Any CPU.ActiveCfg = Debug|Any CPU
		{FD62AA6B-B9C0-469D-8350-76A3AA46E61A}.Debug|Any CPU.Build.0 = Debug|Any CPU
		{FD62AA6B-B9C0-469D-8350-76A3AA46E61A}.Debug|iPhone.ActiveCfg = Debug|Any CPU
		{FD62AA6B-B9C0-469D-8350-76A3AA46E61A}.Debug|iPhone.Build.0 = Debug|Any CPU
		{FD62AA6B-B9C0-469D-8350-76A3AA46E61A}.Debug|iPhoneSimulator.ActiveCfg = Debug|Any CPU
		{FD62AA6B-B9C0-469D-8350-76A3AA46E61A}.Debug|iPhoneSimulator.Build.0 = Debug|Any CPU
		{FD62AA6B-B9C0-469D-8350-76A3AA46E61A}.Release|Any CPU.ActiveCfg = Release|Any CPU
		{FD62AA6B-B9C0-469D-8350-76A3AA46E61A}.Release|Any CPU.Build.0 = Release|Any CPU
		{FD62AA6B-B9C0-469D-8350-76A3AA46E61A}.Release|iPhone.ActiveCfg = Release|Any CPU
		{FD62AA6B-B9C0-469D-8350-76A3AA46E61A}.Release|iPhone.Build.0 = Release|Any CPU
		{FD62AA6B-B9C0-469D-8350-76A3AA46E61A}.Release|iPhoneSimulator.ActiveCfg = Release|Any CPU
		{FD62AA6B-B9C0-469D-8350-76A3AA46E61A}.Release|iPhoneSimulator.Build.0 = Release|Any CPU
		{469416F6-58D9-4962-977A-627135C220D5}.Debug|Any CPU.ActiveCfg = Debug|Any CPU
		{469416F6-58D9-4962-977A-627135C220D5}.Debug|Any CPU.Build.0 = Debug|Any CPU
		{469416F6-58D9-4962-977A-627135C220D5}.Debug|iPhone.ActiveCfg = Debug|Any CPU
		{469416F6-58D9-4962-977A-627135C220D5}.Debug|iPhone.Build.0 = Debug|Any CPU
		{469416F6-58D9-4962-977A-627135C220D5}.Debug|iPhoneSimulator.ActiveCfg = Debug|Any CPU
		{469416F6-58D9-4962-977A-627135C220D5}.Debug|iPhoneSimulator.Build.0 = Debug|Any CPU
		{469416F6-58D9-4962-977A-627135C220D5}.Release|Any CPU.ActiveCfg = Release|Any CPU
		{469416F6-58D9-4962-977A-627135C220D5}.Release|Any CPU.Build.0 = Release|Any CPU
		{469416F6-58D9-4962-977A-627135C220D5}.Release|iPhone.ActiveCfg = Release|Any CPU
		{469416F6-58D9-4962-977A-627135C220D5}.Release|iPhone.Build.0 = Release|Any CPU
		{469416F6-58D9-4962-977A-627135C220D5}.Release|iPhoneSimulator.ActiveCfg = Release|Any CPU
		{469416F6-58D9-4962-977A-627135C220D5}.Release|iPhoneSimulator.Build.0 = Release|Any CPU
		{E34878C3-5EDB-41E5-BC57-C793341B837D}.Debug|Any CPU.ActiveCfg = Debug|Any CPU
		{E34878C3-5EDB-41E5-BC57-C793341B837D}.Debug|Any CPU.Build.0 = Debug|Any CPU
		{E34878C3-5EDB-41E5-BC57-C793341B837D}.Debug|iPhone.ActiveCfg = Debug|Any CPU
		{E34878C3-5EDB-41E5-BC57-C793341B837D}.Debug|iPhone.Build.0 = Debug|Any CPU
		{E34878C3-5EDB-41E5-BC57-C793341B837D}.Debug|iPhoneSimulator.ActiveCfg = Debug|Any CPU
		{E34878C3-5EDB-41E5-BC57-C793341B837D}.Debug|iPhoneSimulator.Build.0 = Debug|Any CPU
		{E34878C3-5EDB-41E5-BC57-C793341B837D}.Release|Any CPU.ActiveCfg = Release|Any CPU
		{E34878C3-5EDB-41E5-BC57-C793341B837D}.Release|Any CPU.Build.0 = Release|Any CPU
		{E34878C3-5EDB-41E5-BC57-C793341B837D}.Release|iPhone.ActiveCfg = Release|Any CPU
		{E34878C3-5EDB-41E5-BC57-C793341B837D}.Release|iPhone.Build.0 = Release|Any CPU
		{E34878C3-5EDB-41E5-BC57-C793341B837D}.Release|iPhoneSimulator.ActiveCfg = Release|Any CPU
		{E34878C3-5EDB-41E5-BC57-C793341B837D}.Release|iPhoneSimulator.Build.0 = Release|Any CPU
		{D1D1C845-EE96-4CC3-94E6-E574B7C8BEDE}.Debug|Any CPU.ActiveCfg = Debug|Any CPU
		{D1D1C845-EE96-4CC3-94E6-E574B7C8BEDE}.Debug|Any CPU.Build.0 = Debug|Any CPU
		{D1D1C845-EE96-4CC3-94E6-E574B7C8BEDE}.Debug|Any CPU.Deploy.0 = Debug|Any CPU
		{D1D1C845-EE96-4CC3-94E6-E574B7C8BEDE}.Debug|iPhone.ActiveCfg = Debug|Any CPU
		{D1D1C845-EE96-4CC3-94E6-E574B7C8BEDE}.Debug|iPhone.Build.0 = Debug|Any CPU
		{D1D1C845-EE96-4CC3-94E6-E574B7C8BEDE}.Debug|iPhoneSimulator.ActiveCfg = Debug|Any CPU
		{D1D1C845-EE96-4CC3-94E6-E574B7C8BEDE}.Debug|iPhoneSimulator.Build.0 = Debug|Any CPU
		{D1D1C845-EE96-4CC3-94E6-E574B7C8BEDE}.Release|Any CPU.ActiveCfg = Release|Any CPU
		{D1D1C845-EE96-4CC3-94E6-E574B7C8BEDE}.Release|Any CPU.Build.0 = Release|Any CPU
		{D1D1C845-EE96-4CC3-94E6-E574B7C8BEDE}.Release|Any CPU.Deploy.0 = Release|Any CPU
		{D1D1C845-EE96-4CC3-94E6-E574B7C8BEDE}.Release|iPhone.ActiveCfg = Release|Any CPU
		{D1D1C845-EE96-4CC3-94E6-E574B7C8BEDE}.Release|iPhone.Build.0 = Release|Any CPU
		{D1D1C845-EE96-4CC3-94E6-E574B7C8BEDE}.Release|iPhoneSimulator.ActiveCfg = Release|Any CPU
		{D1D1C845-EE96-4CC3-94E6-E574B7C8BEDE}.Release|iPhoneSimulator.Build.0 = Release|Any CPU
		{46B6C043-489A-48C9-A546-3B77D9B7B5F5}.Debug|Any CPU.ActiveCfg = Debug|Any CPU
		{46B6C043-489A-48C9-A546-3B77D9B7B5F5}.Debug|Any CPU.Build.0 = Debug|Any CPU
		{46B6C043-489A-48C9-A546-3B77D9B7B5F5}.Debug|iPhone.ActiveCfg = Debug|Any CPU
		{46B6C043-489A-48C9-A546-3B77D9B7B5F5}.Debug|iPhone.Build.0 = Debug|Any CPU
		{46B6C043-489A-48C9-A546-3B77D9B7B5F5}.Debug|iPhoneSimulator.ActiveCfg = Debug|Any CPU
		{46B6C043-489A-48C9-A546-3B77D9B7B5F5}.Debug|iPhoneSimulator.Build.0 = Debug|Any CPU
		{46B6C043-489A-48C9-A546-3B77D9B7B5F5}.Release|Any CPU.ActiveCfg = Release|Any CPU
		{46B6C043-489A-48C9-A546-3B77D9B7B5F5}.Release|Any CPU.Build.0 = Release|Any CPU
		{46B6C043-489A-48C9-A546-3B77D9B7B5F5}.Release|iPhone.ActiveCfg = Release|Any CPU
		{46B6C043-489A-48C9-A546-3B77D9B7B5F5}.Release|iPhone.Build.0 = Release|Any CPU
		{46B6C043-489A-48C9-A546-3B77D9B7B5F5}.Release|iPhoneSimulator.ActiveCfg = Release|Any CPU
		{46B6C043-489A-48C9-A546-3B77D9B7B5F5}.Release|iPhoneSimulator.Build.0 = Release|Any CPU
		{7058737E-85B1-42FC-917D-D7EAD10A3AF3}.Debug|Any CPU.ActiveCfg = Debug|Any CPU
		{7058737E-85B1-42FC-917D-D7EAD10A3AF3}.Debug|Any CPU.Build.0 = Debug|Any CPU
		{7058737E-85B1-42FC-917D-D7EAD10A3AF3}.Debug|iPhone.ActiveCfg = Debug|Any CPU
		{7058737E-85B1-42FC-917D-D7EAD10A3AF3}.Debug|iPhone.Build.0 = Debug|Any CPU
		{7058737E-85B1-42FC-917D-D7EAD10A3AF3}.Debug|iPhoneSimulator.ActiveCfg = Debug|Any CPU
		{7058737E-85B1-42FC-917D-D7EAD10A3AF3}.Debug|iPhoneSimulator.Build.0 = Debug|Any CPU
		{7058737E-85B1-42FC-917D-D7EAD10A3AF3}.Release|Any CPU.ActiveCfg = Release|Any CPU
		{7058737E-85B1-42FC-917D-D7EAD10A3AF3}.Release|Any CPU.Build.0 = Release|Any CPU
		{7058737E-85B1-42FC-917D-D7EAD10A3AF3}.Release|iPhone.ActiveCfg = Release|Any CPU
		{7058737E-85B1-42FC-917D-D7EAD10A3AF3}.Release|iPhone.Build.0 = Release|Any CPU
		{7058737E-85B1-42FC-917D-D7EAD10A3AF3}.Release|iPhoneSimulator.ActiveCfg = Release|Any CPU
		{7058737E-85B1-42FC-917D-D7EAD10A3AF3}.Release|iPhoneSimulator.Build.0 = Release|Any CPU
		{F86A7085-6BB9-47E5-B38E-81FD0A5B0433}.Debug|Any CPU.ActiveCfg = Debug|Any CPU
		{F86A7085-6BB9-47E5-B38E-81FD0A5B0433}.Debug|Any CPU.Build.0 = Debug|Any CPU
		{F86A7085-6BB9-47E5-B38E-81FD0A5B0433}.Debug|iPhone.ActiveCfg = Debug|Any CPU
		{F86A7085-6BB9-47E5-B38E-81FD0A5B0433}.Debug|iPhone.Build.0 = Debug|Any CPU
		{F86A7085-6BB9-47E5-B38E-81FD0A5B0433}.Debug|iPhoneSimulator.ActiveCfg = Debug|Any CPU
		{F86A7085-6BB9-47E5-B38E-81FD0A5B0433}.Debug|iPhoneSimulator.Build.0 = Debug|Any CPU
		{F86A7085-6BB9-47E5-B38E-81FD0A5B0433}.Release|Any CPU.ActiveCfg = Release|Any CPU
		{F86A7085-6BB9-47E5-B38E-81FD0A5B0433}.Release|Any CPU.Build.0 = Release|Any CPU
		{F86A7085-6BB9-47E5-B38E-81FD0A5B0433}.Release|iPhone.ActiveCfg = Release|Any CPU
		{F86A7085-6BB9-47E5-B38E-81FD0A5B0433}.Release|iPhone.Build.0 = Release|Any CPU
		{F86A7085-6BB9-47E5-B38E-81FD0A5B0433}.Release|iPhoneSimulator.ActiveCfg = Release|Any CPU
		{F86A7085-6BB9-47E5-B38E-81FD0A5B0433}.Release|iPhoneSimulator.Build.0 = Release|Any CPU
		{13C69C2B-6D2B-4BAF-99F9-6E5C2134118D}.Debug|Any CPU.ActiveCfg = Debug|iPhoneSimulator
		{13C69C2B-6D2B-4BAF-99F9-6E5C2134118D}.Debug|Any CPU.Build.0 = Debug|iPhoneSimulator
		{13C69C2B-6D2B-4BAF-99F9-6E5C2134118D}.Debug|iPhone.ActiveCfg = Debug|iPhone
		{13C69C2B-6D2B-4BAF-99F9-6E5C2134118D}.Debug|iPhone.Build.0 = Debug|iPhone
		{13C69C2B-6D2B-4BAF-99F9-6E5C2134118D}.Debug|iPhoneSimulator.ActiveCfg = Debug|iPhoneSimulator
		{13C69C2B-6D2B-4BAF-99F9-6E5C2134118D}.Debug|iPhoneSimulator.Build.0 = Debug|iPhoneSimulator
		{13C69C2B-6D2B-4BAF-99F9-6E5C2134118D}.Release|Any CPU.ActiveCfg = Release|iPhoneSimulator
		{13C69C2B-6D2B-4BAF-99F9-6E5C2134118D}.Release|Any CPU.Build.0 = Release|iPhoneSimulator
		{13C69C2B-6D2B-4BAF-99F9-6E5C2134118D}.Release|iPhone.ActiveCfg = Release|iPhone
		{13C69C2B-6D2B-4BAF-99F9-6E5C2134118D}.Release|iPhone.Build.0 = Release|iPhone
		{13C69C2B-6D2B-4BAF-99F9-6E5C2134118D}.Release|iPhoneSimulator.ActiveCfg = Release|iPhoneSimulator
		{13C69C2B-6D2B-4BAF-99F9-6E5C2134118D}.Release|iPhoneSimulator.Build.0 = Release|iPhoneSimulator
		{B19C892E-2628-4CA7-AD27-08D406A3B14B}.Debug|Any CPU.ActiveCfg = Debug|Any CPU
		{B19C892E-2628-4CA7-AD27-08D406A3B14B}.Debug|Any CPU.Build.0 = Debug|Any CPU
		{B19C892E-2628-4CA7-AD27-08D406A3B14B}.Debug|iPhone.ActiveCfg = Debug|Any CPU
		{B19C892E-2628-4CA7-AD27-08D406A3B14B}.Debug|iPhone.Build.0 = Debug|Any CPU
		{B19C892E-2628-4CA7-AD27-08D406A3B14B}.Debug|iPhoneSimulator.ActiveCfg = Debug|Any CPU
		{B19C892E-2628-4CA7-AD27-08D406A3B14B}.Debug|iPhoneSimulator.Build.0 = Debug|Any CPU
		{B19C892E-2628-4CA7-AD27-08D406A3B14B}.Release|Any CPU.ActiveCfg = Release|Any CPU
		{B19C892E-2628-4CA7-AD27-08D406A3B14B}.Release|Any CPU.Build.0 = Release|Any CPU
		{B19C892E-2628-4CA7-AD27-08D406A3B14B}.Release|iPhone.ActiveCfg = Release|Any CPU
		{B19C892E-2628-4CA7-AD27-08D406A3B14B}.Release|iPhone.Build.0 = Release|Any CPU
		{B19C892E-2628-4CA7-AD27-08D406A3B14B}.Release|iPhoneSimulator.ActiveCfg = Release|Any CPU
		{B19C892E-2628-4CA7-AD27-08D406A3B14B}.Release|iPhoneSimulator.Build.0 = Release|Any CPU
	EndGlobalSection
	GlobalSection(SolutionProperties) = preSolution
		HideSolutionNode = FALSE
	EndGlobalSection
	GlobalSection(NestedProjects) = preSolution
		{469416F6-58D9-4962-977A-627135C220D5} = {A570CB8C-42E6-444C-9BD6-8D96743C2314}
		{E34878C3-5EDB-41E5-BC57-C793341B837D} = {A570CB8C-42E6-444C-9BD6-8D96743C2314}
		{7058737E-85B1-42FC-917D-D7EAD10A3AF3} = {A570CB8C-42E6-444C-9BD6-8D96743C2314}
		{B19C892E-2628-4CA7-AD27-08D406A3B14B} = {A570CB8C-42E6-444C-9BD6-8D96743C2314}
	EndGlobalSection
	GlobalSection(ExtensibilityGlobals) = postSolution
		SolutionGuid = {1DFAA693-5910-4E8F-949F-8A1C7811B825}
	EndGlobalSection
EndGlobal
