
Microsoft Visual Studio Solution File, Format Version 12.00
# Visual Studio 15
VisualStudioVersion = 15.0.28307.438
MinimumVisualStudioVersion = 10.0.40219.1
Project("{9A19103F-16F7-4668-BE54-9A1E7A4F7556}") = "Fishit.Dal", "Fishit.Dal\Fishit.Dal.csproj", "{ABAB9DE7-5206-4BB1-8368-8114B8DF42E9}"
EndProject
Project("{9A19103F-16F7-4668-BE54-9A1E7A4F7556}") = "Fishit.Common", "Fishit.Common\Fishit.Common.csproj", "{887C3CB7-0D16-4562-9406-855B10F6F3AB}"
EndProject
Project("{9A19103F-16F7-4668-BE54-9A1E7A4F7556}") = "Fishit.BusinessLayer", "Fishit.BusinessLayer\Fishit.BusinessLayer.csproj", "{FD62AA6B-B9C0-469D-8350-76A3AA46E61A}"
EndProject
Project("{9A19103F-16F7-4668-BE54-9A1E7A4F7556}") = "Fishit.BusinessLayer.Testing", "Fishit.BusinessLayer.Testing\Fishit.BusinessLayer.Testing.csproj", "{469416F6-58D9-4962-977A-627135C220D5}"
EndProject
Project("{9A19103F-16F7-4668-BE54-9A1E7A4F7556}") = "Fishit.Presentation.Testing", "Fishit.Presentation.Testing\Fishit.Presentation.Testing.csproj", "{E34878C3-5EDB-41E5-BC57-C793341B837D}"
EndProject
Project("{2150E333-8FDC-42A3-9474-1A3956D46DE8}") = "Testing", "Testing", "{A570CB8C-42E6-444C-9BD6-8D96743C2314}"
EndProject
Project("{9A19103F-16F7-4668-BE54-9A1E7A4F7556}") = "Fishit.Dal.Testing", "Fishit.Dal.Testing\Fishit.Dal.Testing.csproj", "{B963440F-B5F0-47C9-9BDF-57F4764B3C07}"
	ProjectSection(ProjectDependencies) = postProject
		{ABAB9DE7-5206-4BB1-8368-8114B8DF42E9} = {ABAB9DE7-5206-4BB1-8368-8114B8DF42E9}
	EndProjectSection
EndProject
Project("{FAE04EC0-301F-11D3-BF4B-00C04F79EFBC}") = "Fishit.Presentation.UI.Android", "Fishit.Presentation.UI\Fishit.Presentation.UI.Android\Fishit.Presentation.UI.Android.csproj", "{D1D1C845-EE96-4CC3-94E6-E574B7C8BEDE}"
EndProject
Project("{9A19103F-16F7-4668-BE54-9A1E7A4F7556}") = "Fishit.Presentation.UI", "Fishit.Presentation.UI\Fishit.Presentation.UI\Fishit.Presentation.UI.csproj", "{46B6C043-489A-48C9-A546-3B77D9B7B5F5}"
EndProject
Project("{FAE04EC0-301F-11D3-BF4B-00C04F79EFBC}") = "Fishit.TestEnvironment", "Fishit.TestEnvironment\Fishit.TestEnvironment.csproj", "{280B4AF5-E9DA-47CE-8343-304666FB67ED}"
EndProject
Global
	GlobalSection(SolutionConfigurationPlatforms) = preSolution
		Debug|Any CPU = Debug|Any CPU
		Release|Any CPU = Release|Any CPU
	EndGlobalSection
	GlobalSection(ProjectConfigurationPlatforms) = postSolution
		{ABAB9DE7-5206-4BB1-8368-8114B8DF42E9}.Debug|Any CPU.ActiveCfg = Debug|Any CPU
		{ABAB9DE7-5206-4BB1-8368-8114B8DF42E9}.Debug|Any CPU.Build.0 = Debug|Any CPU
		{ABAB9DE7-5206-4BB1-8368-8114B8DF42E9}.Release|Any CPU.ActiveCfg = Release|Any CPU
		{ABAB9DE7-5206-4BB1-8368-8114B8DF42E9}.Release|Any CPU.Build.0 = Release|Any CPU
		{887C3CB7-0D16-4562-9406-855B10F6F3AB}.Debug|Any CPU.ActiveCfg = Debug|Any CPU
		{887C3CB7-0D16-4562-9406-855B10F6F3AB}.Debug|Any CPU.Build.0 = Debug|Any CPU
		{887C3CB7-0D16-4562-9406-855B10F6F3AB}.Release|Any CPU.ActiveCfg = Release|Any CPU
		{887C3CB7-0D16-4562-9406-855B10F6F3AB}.Release|Any CPU.Build.0 = Release|Any CPU
		{FD62AA6B-B9C0-469D-8350-76A3AA46E61A}.Debug|Any CPU.ActiveCfg = Debug|Any CPU
		{FD62AA6B-B9C0-469D-8350-76A3AA46E61A}.Debug|Any CPU.Build.0 = Debug|Any CPU
		{FD62AA6B-B9C0-469D-8350-76A3AA46E61A}.Release|Any CPU.ActiveCfg = Release|Any CPU
		{FD62AA6B-B9C0-469D-8350-76A3AA46E61A}.Release|Any CPU.Build.0 = Release|Any CPU
		{469416F6-58D9-4962-977A-627135C220D5}.Debug|Any CPU.ActiveCfg = Debug|Any CPU
		{469416F6-58D9-4962-977A-627135C220D5}.Debug|Any CPU.Build.0 = Debug|Any CPU
		{469416F6-58D9-4962-977A-627135C220D5}.Release|Any CPU.ActiveCfg = Release|Any CPU
		{469416F6-58D9-4962-977A-627135C220D5}.Release|Any CPU.Build.0 = Release|Any CPU
		{E34878C3-5EDB-41E5-BC57-C793341B837D}.Debug|Any CPU.ActiveCfg = Debug|Any CPU
		{E34878C3-5EDB-41E5-BC57-C793341B837D}.Debug|Any CPU.Build.0 = Debug|Any CPU
		{E34878C3-5EDB-41E5-BC57-C793341B837D}.Release|Any CPU.ActiveCfg = Release|Any CPU
		{E34878C3-5EDB-41E5-BC57-C793341B837D}.Release|Any CPU.Build.0 = Release|Any CPU
		{B963440F-B5F0-47C9-9BDF-57F4764B3C07}.Debug|Any CPU.ActiveCfg = Debug|Any CPU
		{B963440F-B5F0-47C9-9BDF-57F4764B3C07}.Debug|Any CPU.Build.0 = Debug|Any CPU
		{B963440F-B5F0-47C9-9BDF-57F4764B3C07}.Release|Any CPU.ActiveCfg = Release|Any CPU
		{B963440F-B5F0-47C9-9BDF-57F4764B3C07}.Release|Any CPU.Build.0 = Release|Any CPU
		{D1D1C845-EE96-4CC3-94E6-E574B7C8BEDE}.Debug|Any CPU.ActiveCfg = Debug|Any CPU
		{D1D1C845-EE96-4CC3-94E6-E574B7C8BEDE}.Debug|Any CPU.Build.0 = Debug|Any CPU
		{D1D1C845-EE96-4CC3-94E6-E574B7C8BEDE}.Debug|Any CPU.Deploy.0 = Debug|Any CPU
		{D1D1C845-EE96-4CC3-94E6-E574B7C8BEDE}.Release|Any CPU.ActiveCfg = Release|Any CPU
		{D1D1C845-EE96-4CC3-94E6-E574B7C8BEDE}.Release|Any CPU.Build.0 = Release|Any CPU
		{D1D1C845-EE96-4CC3-94E6-E574B7C8BEDE}.Release|Any CPU.Deploy.0 = Release|Any CPU
		{46B6C043-489A-48C9-A546-3B77D9B7B5F5}.Debug|Any CPU.ActiveCfg = Debug|Any CPU
		{46B6C043-489A-48C9-A546-3B77D9B7B5F5}.Debug|Any CPU.Build.0 = Debug|Any CPU
		{46B6C043-489A-48C9-A546-3B77D9B7B5F5}.Release|Any CPU.ActiveCfg = Release|Any CPU
		{46B6C043-489A-48C9-A546-3B77D9B7B5F5}.Release|Any CPU.Build.0 = Release|Any CPU
		{280B4AF5-E9DA-47CE-8343-304666FB67ED}.Debug|Any CPU.ActiveCfg = Debug|Any CPU
		{280B4AF5-E9DA-47CE-8343-304666FB67ED}.Debug|Any CPU.Build.0 = Debug|Any CPU
		{280B4AF5-E9DA-47CE-8343-304666FB67ED}.Release|Any CPU.ActiveCfg = Release|Any CPU
		{280B4AF5-E9DA-47CE-8343-304666FB67ED}.Release|Any CPU.Build.0 = Release|Any CPU
	EndGlobalSection
	GlobalSection(SolutionProperties) = preSolution
		HideSolutionNode = FALSE
	EndGlobalSection
	GlobalSection(NestedProjects) = preSolution
		{469416F6-58D9-4962-977A-627135C220D5} = {A570CB8C-42E6-444C-9BD6-8D96743C2314}
		{E34878C3-5EDB-41E5-BC57-C793341B837D} = {A570CB8C-42E6-444C-9BD6-8D96743C2314}
		{B963440F-B5F0-47C9-9BDF-57F4764B3C07} = {A570CB8C-42E6-444C-9BD6-8D96743C2314}
		{280B4AF5-E9DA-47CE-8343-304666FB67ED} = {A570CB8C-42E6-444C-9BD6-8D96743C2314}
	EndGlobalSection
	GlobalSection(ExtensibilityGlobals) = postSolution
		SolutionGuid = {1DFAA693-5910-4E8F-949F-8A1C7811B825}
	EndGlobalSection
EndGlobal
